// !$*UTF8*$!
{
	archiveVersion = 1;
	classes = {
	};
	objectVersion = 56;
	objects = {

/* Begin PBXBuildFile section */
		BE4C857D2A84933300FDE73A /* iChatApp.swift in Sources */ = {isa = PBXBuildFile; fileRef = BE4C857C2A84933300FDE73A /* iChatApp.swift */; };
		BE4C857F2A84933300FDE73A /* Persistence.swift in Sources */ = {isa = PBXBuildFile; fileRef = BE4C857E2A84933300FDE73A /* Persistence.swift */; };
		BE4C85822A84933300FDE73A /* iChat.xcdatamodeld in Sources */ = {isa = PBXBuildFile; fileRef = BE4C85802A84933300FDE73A /* iChat.xcdatamodeld */; };
		BE4C85842A84933300FDE73A /* ContentView.swift in Sources */ = {isa = PBXBuildFile; fileRef = BE4C85832A84933300FDE73A /* ContentView.swift */; };
		BE4C85862A84933300FDE73A /* Assets.xcassets in Resources */ = {isa = PBXBuildFile; fileRef = BE4C85852A84933300FDE73A /* Assets.xcassets */; };
		BE4C858A2A84933300FDE73A /* Preview Assets.xcassets in Resources */ = {isa = PBXBuildFile; fileRef = BE4C85892A84933300FDE73A /* Preview Assets.xcassets */; };
		BE4C85942A84933300FDE73A /* iChatTests.swift in Sources */ = {isa = PBXBuildFile; fileRef = BE4C85932A84933300FDE73A /* iChatTests.swift */; };
		BE4C859E2A84933300FDE73A /* iChatUITests.swift in Sources */ = {isa = PBXBuildFile; fileRef = BE4C859D2A84933300FDE73A /* iChatUITests.swift */; };
		BE4C85A02A84933300FDE73A /* iChatUITestsLaunchTests.swift in Sources */ = {isa = PBXBuildFile; fileRef = BE4C859F2A84933300FDE73A /* iChatUITestsLaunchTests.swift */; };
/* End PBXBuildFile section */

/* Begin PBXContainerItemProxy section */
		BE4C85902A84933300FDE73A /* PBXContainerItemProxy */ = {
			isa = PBXContainerItemProxy;
			containerPortal = BE4C85712A84933300FDE73A /* Project object */;
			proxyType = 1;
			remoteGlobalIDString = BE4C85782A84933300FDE73A;
			remoteInfo = iChat;
		};
		BE4C859A2A84933300FDE73A /* PBXContainerItemProxy */ = {
			isa = PBXContainerItemProxy;
			containerPortal = BE4C85712A84933300FDE73A /* Project object */;
			proxyType = 1;
			remoteGlobalIDString = BE4C85782A84933300FDE73A;
			remoteInfo = iChat;
		};
/* End PBXContainerItemProxy section */

/* Begin PBXFileReference section */
		BE4C85792A84933300FDE73A /* iChat.app */ = {isa = PBXFileReference; explicitFileType = wrapper.application; includeInIndex = 0; path = iChat.app; sourceTree = BUILT_PRODUCTS_DIR; };
		BE4C857C2A84933300FDE73A /* iChatApp.swift */ = {isa = PBXFileReference; lastKnownFileType = sourcecode.swift; path = iChatApp.swift; sourceTree = "<group>"; };
		BE4C857E2A84933300FDE73A /* Persistence.swift */ = {isa = PBXFileReference; lastKnownFileType = sourcecode.swift; path = Persistence.swift; sourceTree = "<group>"; };
		BE4C85812A84933300FDE73A /* iChat.xcdatamodel */ = {isa = PBXFileReference; lastKnownFileType = wrapper.xcdatamodel; path = iChat.xcdatamodel; sourceTree = "<group>"; };
		BE4C85832A84933300FDE73A /* ContentView.swift */ = {isa = PBXFileReference; lastKnownFileType = sourcecode.swift; path = ContentView.swift; sourceTree = "<group>"; };
		BE4C85852A84933300FDE73A /* Assets.xcassets */ = {isa = PBXFileReference; lastKnownFileType = folder.assetcatalog; path = Assets.xcassets; sourceTree = "<group>"; };
		BE4C85872A84933300FDE73A /* iChat.entitlements */ = {isa = PBXFileReference; lastKnownFileType = text.plist.entitlements; path = iChat.entitlements; sourceTree = "<group>"; };
		BE4C85892A84933300FDE73A /* Preview Assets.xcassets */ = {isa = PBXFileReference; lastKnownFileType = folder.assetcatalog; path = "Preview Assets.xcassets"; sourceTree = "<group>"; };
		BE4C858F2A84933300FDE73A /* iChatTests.xctest */ = {isa = PBXFileReference; explicitFileType = wrapper.cfbundle; includeInIndex = 0; path = iChatTests.xctest; sourceTree = BUILT_PRODUCTS_DIR; };
		BE4C85932A84933300FDE73A /* iChatTests.swift */ = {isa = PBXFileReference; lastKnownFileType = sourcecode.swift; path = iChatTests.swift; sourceTree = "<group>"; };
		BE4C85992A84933300FDE73A /* iChatUITests.xctest */ = {isa = PBXFileReference; explicitFileType = wrapper.cfbundle; includeInIndex = 0; path = iChatUITests.xctest; sourceTree = BUILT_PRODUCTS_DIR; };
		BE4C859D2A84933300FDE73A /* iChatUITests.swift */ = {isa = PBXFileReference; lastKnownFileType = sourcecode.swift; path = iChatUITests.swift; sourceTree = "<group>"; };
		BE4C859F2A84933300FDE73A /* iChatUITestsLaunchTests.swift */ = {isa = PBXFileReference; lastKnownFileType = sourcecode.swift; path = iChatUITestsLaunchTests.swift; sourceTree = "<group>"; };
/* End PBXFileReference section */

/* Begin PBXFrameworksBuildPhase section */
		BE4C85762A84933300FDE73A /* Frameworks */ = {
			isa = PBXFrameworksBuildPhase;
			buildActionMask = 2147483647;
			files = (
			);
			runOnlyForDeploymentPostprocessing = 0;
		};
		BE4C858C2A84933300FDE73A /* Frameworks */ = {
			isa = PBXFrameworksBuildPhase;
			buildActionMask = 2147483647;
			files = (
			);
			runOnlyForDeploymentPostprocessing = 0;
		};
		BE4C85962A84933300FDE73A /* Frameworks */ = {
			isa = PBXFrameworksBuildPhase;
			buildActionMask = 2147483647;
			files = (
			);
			runOnlyForDeploymentPostprocessing = 0;
		};
/* End PBXFrameworksBuildPhase section */

/* Begin PBXGroup section */
		BE4C85702A84933300FDE73A = {
			isa = PBXGroup;
			children = (
				BE4C857B2A84933300FDE73A /* iChat */,
				BE4C85922A84933300FDE73A /* iChatTests */,
				BE4C859C2A84933300FDE73A /* iChatUITests */,
				BE4C857A2A84933300FDE73A /* Products */,
			);
			sourceTree = "<group>";
		};
		BE4C857A2A84933300FDE73A /* Products */ = {
			isa = PBXGroup;
			children = (
				BE4C85792A84933300FDE73A /* iChat.app */,
				BE4C858F2A84933300FDE73A /* iChatTests.xctest */,
				BE4C85992A84933300FDE73A /* iChatUITests.xctest */,
			);
			name = Products;
			sourceTree = "<group>";
		};
		BE4C857B2A84933300FDE73A /* iChat */ = {
			isa = PBXGroup;
			children = (
				BE4C857C2A84933300FDE73A /* iChatApp.swift */,
				BE4C857E2A84933300FDE73A /* Persistence.swift */,
				BE4C85832A84933300FDE73A /* ContentView.swift */,
				BE4C85852A84933300FDE73A /* Assets.xcassets */,
				BE4C85872A84933300FDE73A /* iChat.entitlements */,
				BE4C85802A84933300FDE73A /* iChat.xcdatamodeld */,
				BE4C85882A84933300FDE73A /* Preview Content */,
			);
			path = iChat;
			sourceTree = "<group>";
		};
		BE4C85882A84933300FDE73A /* Preview Content */ = {
			isa = PBXGroup;
			children = (
				BE4C85892A84933300FDE73A /* Preview Assets.xcassets */,
			);
			path = "Preview Content";
			sourceTree = "<group>";
		};
		BE4C85922A84933300FDE73A /* iChatTests */ = {
			isa = PBXGroup;
			children = (
				BE4C85932A84933300FDE73A /* iChatTests.swift */,
			);
			path = iChatTests;
			sourceTree = "<group>";
		};
		BE4C859C2A84933300FDE73A /* iChatUITests */ = {
			isa = PBXGroup;
			children = (
				BE4C859D2A84933300FDE73A /* iChatUITests.swift */,
				BE4C859F2A84933300FDE73A /* iChatUITestsLaunchTests.swift */,
			);
			path = iChatUITests;
			sourceTree = "<group>";
		};
/* End PBXGroup section */

/* Begin PBXNativeTarget section */
		BE4C85782A84933300FDE73A /* iChat */ = {
			isa = PBXNativeTarget;
			buildConfigurationList = BE4C85A32A84933300FDE73A /* Build configuration list for PBXNativeTarget "iChat" */;
			buildPhases = (
				BE4C85752A84933300FDE73A /* Sources */,
				BE4C85762A84933300FDE73A /* Frameworks */,
				BE4C85772A84933300FDE73A /* Resources */,
			);
			buildRules = (
			);
			dependencies = (
			);
			name = iChat;
			productName = iChat;
			productReference = BE4C85792A84933300FDE73A /* iChat.app */;
			productType = "com.apple.product-type.application";
		};
		BE4C858E2A84933300FDE73A /* iChatTests */ = {
			isa = PBXNativeTarget;
			buildConfigurationList = BE4C85A62A84933300FDE73A /* Build configuration list for PBXNativeTarget "iChatTests" */;
			buildPhases = (
				BE4C858B2A84933300FDE73A /* Sources */,
				BE4C858C2A84933300FDE73A /* Frameworks */,
				BE4C858D2A84933300FDE73A /* Resources */,
			);
			buildRules = (
			);
			dependencies = (
				BE4C85912A84933300FDE73A /* PBXTargetDependency */,
			);
			name = iChatTests;
			productName = iChatTests;
			productReference = BE4C858F2A84933300FDE73A /* iChatTests.xctest */;
			productType = "com.apple.product-type.bundle.unit-test";
		};
		BE4C85982A84933300FDE73A /* iChatUITests */ = {
			isa = PBXNativeTarget;
			buildConfigurationList = BE4C85A92A84933300FDE73A /* Build configuration list for PBXNativeTarget "iChatUITests" */;
			buildPhases = (
				BE4C85952A84933300FDE73A /* Sources */,
				BE4C85962A84933300FDE73A /* Frameworks */,
				BE4C85972A84933300FDE73A /* Resources */,
			);
			buildRules = (
			);
			dependencies = (
				BE4C859B2A84933300FDE73A /* PBXTargetDependency */,
			);
			name = iChatUITests;
			productName = iChatUITests;
			productReference = BE4C85992A84933300FDE73A /* iChatUITests.xctest */;
			productType = "com.apple.product-type.bundle.ui-testing";
		};
/* End PBXNativeTarget section */

/* Begin PBXProject section */
		BE4C85712A84933300FDE73A /* Project object */ = {
			isa = PBXProject;
			attributes = {
				BuildIndependentTargetsInParallel = 1;
				LastSwiftUpdateCheck = 1430;
				LastUpgradeCheck = 1430;
				TargetAttributes = {
					BE4C85782A84933300FDE73A = {
						CreatedOnToolsVersion = 14.3.1;
					};
					BE4C858E2A84933300FDE73A = {
						CreatedOnToolsVersion = 14.3.1;
						TestTargetID = BE4C85782A84933300FDE73A;
					};
					BE4C85982A84933300FDE73A = {
						CreatedOnToolsVersion = 14.3.1;
						TestTargetID = BE4C85782A84933300FDE73A;
					};
				};
			};
			buildConfigurationList = BE4C85742A84933300FDE73A /* Build configuration list for PBXProject "iChat" */;
			compatibilityVersion = "Xcode 14.0";
			developmentRegion = en;
			hasScannedForEncodings = 0;
			knownRegions = (
				en,
				Base,
			);
			mainGroup = BE4C85702A84933300FDE73A;
			productRefGroup = BE4C857A2A84933300FDE73A /* Products */;
			projectDirPath = "";
			projectRoot = "";
			targets = (
				BE4C85782A84933300FDE73A /* iChat */,
				BE4C858E2A84933300FDE73A /* iChatTests */,
				BE4C85982A84933300FDE73A /* iChatUITests */,
			);
		};
/* End PBXProject section */

/* Begin PBXResourcesBuildPhase section */
		BE4C85772A84933300FDE73A /* Resources */ = {
			isa = PBXResourcesBuildPhase;
			buildActionMask = 2147483647;
			files = (
				BE4C858A2A84933300FDE73A /* Preview Assets.xcassets in Resources */,
				BE4C85862A84933300FDE73A /* Assets.xcassets in Resources */,
			);
			runOnlyForDeploymentPostprocessing = 0;
		};
		BE4C858D2A84933300FDE73A /* Resources */ = {
			isa = PBXResourcesBuildPhase;
			buildActionMask = 2147483647;
			files = (
			);
			runOnlyForDeploymentPostprocessing = 0;
		};
		BE4C85972A84933300FDE73A /* Resources */ = {
			isa = PBXResourcesBuildPhase;
			buildActionMask = 2147483647;
			files = (
			);
			runOnlyForDeploymentPostprocessing = 0;
		};
/* End PBXResourcesBuildPhase section */

/* Begin PBXSourcesBuildPhase section */
		BE4C85752A84933300FDE73A /* Sources */ = {
			isa = PBXSourcesBuildPhase;
			buildActionMask = 2147483647;
			files = (
				BE4C857D2A84933300FDE73A /* iChatApp.swift in Sources */,
				BE4C85822A84933300FDE73A /* iChat.xcdatamodeld in Sources */,
				BE4C85842A84933300FDE73A /* ContentView.swift in Sources */,
				BE4C857F2A84933300FDE73A /* Persistence.swift in Sources */,
			);
			runOnlyForDeploymentPostprocessing = 0;
		};
		BE4C858B2A84933300FDE73A /* Sources */ = {
			isa = PBXSourcesBuildPhase;
			buildActionMask = 2147483647;
			files = (
				BE4C85942A84933300FDE73A /* iChatTests.swift in Sources */,
			);
			runOnlyForDeploymentPostprocessing = 0;
		};
		BE4C85952A84933300FDE73A /* Sources */ = {
			isa = PBXSourcesBuildPhase;
			buildActionMask = 2147483647;
			files = (
				BE4C85A02A84933300FDE73A /* iChatUITestsLaunchTests.swift in Sources */,
				BE4C859E2A84933300FDE73A /* iChatUITests.swift in Sources */,
			);
			runOnlyForDeploymentPostprocessing = 0;
		};
/* End PBXSourcesBuildPhase section */

/* Begin PBXTargetDependency section */
		BE4C85912A84933300FDE73A /* PBXTargetDependency */ = {
			isa = PBXTargetDependency;
			target = BE4C85782A84933300FDE73A /* iChat */;
			targetProxy = BE4C85902A84933300FDE73A /* PBXContainerItemProxy */;
		};
		BE4C859B2A84933300FDE73A /* PBXTargetDependency */ = {
			isa = PBXTargetDependency;
			target = BE4C85782A84933300FDE73A /* iChat */;
			targetProxy = BE4C859A2A84933300FDE73A /* PBXContainerItemProxy */;
		};
/* End PBXTargetDependency section */

/* Begin XCBuildConfiguration section */
		BE4C85A12A84933300FDE73A /* Debug */ = {
			isa = XCBuildConfiguration;
			buildSettings = {
				ALWAYS_SEARCH_USER_PATHS = NO;
				CLANG_ANALYZER_NONNULL = YES;
				CLANG_ANALYZER_NUMBER_OBJECT_CONVERSION = YES_AGGRESSIVE;
				CLANG_CXX_LANGUAGE_STANDARD = "gnu++20";
				CLANG_ENABLE_MODULES = YES;
				CLANG_ENABLE_OBJC_ARC = YES;
				CLANG_ENABLE_OBJC_WEAK = YES;
				CLANG_WARN_BLOCK_CAPTURE_AUTORELEASING = YES;
				CLANG_WARN_BOOL_CONVERSION = YES;
				CLANG_WARN_COMMA = YES;
				CLANG_WARN_CONSTANT_CONVERSION = YES;
				CLANG_WARN_DEPRECATED_OBJC_IMPLEMENTATIONS = YES;
				CLANG_WARN_DIRECT_OBJC_ISA_USAGE = YES_ERROR;
				CLANG_WARN_DOCUMENTATION_COMMENTS = YES;
				CLANG_WARN_EMPTY_BODY = YES;
				CLANG_WARN_ENUM_CONVERSION = YES;
				CLANG_WARN_INFINITE_RECURSION = YES;
				CLANG_WARN_INT_CONVERSION = YES;
				CLANG_WARN_NON_LITERAL_NULL_CONVERSION = YES;
				CLANG_WARN_OBJC_IMPLICIT_RETAIN_SELF = YES;
				CLANG_WARN_OBJC_LITERAL_CONVERSION = YES;
				CLANG_WARN_OBJC_ROOT_CLASS = YES_ERROR;
				CLANG_WARN_QUOTED_INCLUDE_IN_FRAMEWORK_HEADER = YES;
				CLANG_WARN_RANGE_LOOP_ANALYSIS = YES;
				CLANG_WARN_STRICT_PROTOTYPES = YES;
				CLANG_WARN_SUSPICIOUS_MOVE = YES;
				CLANG_WARN_UNGUARDED_AVAILABILITY = YES_AGGRESSIVE;
				CLANG_WARN_UNREACHABLE_CODE = YES;
				CLANG_WARN__DUPLICATE_METHOD_MATCH = YES;
				COPY_PHASE_STRIP = NO;
				DEBUG_INFORMATION_FORMAT = dwarf;
				ENABLE_STRICT_OBJC_MSGSEND = YES;
				ENABLE_TESTABILITY = YES;
				GCC_C_LANGUAGE_STANDARD = gnu11;
				GCC_DYNAMIC_NO_PIC = NO;
				GCC_NO_COMMON_BLOCKS = YES;
				GCC_OPTIMIZATION_LEVEL = 0;
				GCC_PREPROCESSOR_DEFINITIONS = (
					"DEBUG=1",
					"$(inherited)",
				);
				GCC_WARN_64_TO_32_BIT_CONVERSION = YES;
				GCC_WARN_ABOUT_RETURN_TYPE = YES_ERROR;
				GCC_WARN_UNDECLARED_SELECTOR = YES;
				GCC_WARN_UNINITIALIZED_AUTOS = YES_AGGRESSIVE;
				GCC_WARN_UNUSED_FUNCTION = YES;
				GCC_WARN_UNUSED_VARIABLE = YES;
				MTL_ENABLE_DEBUG_INFO = INCLUDE_SOURCE;
				MTL_FAST_MATH = YES;
				ONLY_ACTIVE_ARCH = YES;
				SWIFT_ACTIVE_COMPILATION_CONDITIONS = DEBUG;
				SWIFT_OPTIMIZATION_LEVEL = "-Onone";
			};
			name = Debug;
		};
		BE4C85A22A84933300FDE73A /* Release */ = {
			isa = XCBuildConfiguration;
			buildSettings = {
				ALWAYS_SEARCH_USER_PATHS = NO;
				CLANG_ANALYZER_NONNULL = YES;
				CLANG_ANALYZER_NUMBER_OBJECT_CONVERSION = YES_AGGRESSIVE;
				CLANG_CXX_LANGUAGE_STANDARD = "gnu++20";
				CLANG_ENABLE_MODULES = YES;
				CLANG_ENABLE_OBJC_ARC = YES;
				CLANG_ENABLE_OBJC_WEAK = YES;
				CLANG_WARN_BLOCK_CAPTURE_AUTORELEASING = YES;
				CLANG_WARN_BOOL_CONVERSION = YES;
				CLANG_WARN_COMMA = YES;
				CLANG_WARN_CONSTANT_CONVERSION = YES;
				CLANG_WARN_DEPRECATED_OBJC_IMPLEMENTATIONS = YES;
				CLANG_WARN_DIRECT_OBJC_ISA_USAGE = YES_ERROR;
				CLANG_WARN_DOCUMENTATION_COMMENTS = YES;
				CLANG_WARN_EMPTY_BODY = YES;
				CLANG_WARN_ENUM_CONVERSION = YES;
				CLANG_WARN_INFINITE_RECURSION = YES;
				CLANG_WARN_INT_CONVERSION = YES;
				CLANG_WARN_NON_LITERAL_NULL_CONVERSION = YES;
				CLANG_WARN_OBJC_IMPLICIT_RETAIN_SELF = YES;
				CLANG_WARN_OBJC_LITERAL_CONVERSION = YES;
				CLANG_WARN_OBJC_ROOT_CLASS = YES_ERROR;
				CLANG_WARN_QUOTED_INCLUDE_IN_FRAMEWORK_HEADER = YES;
				CLANG_WARN_RANGE_LOOP_ANALYSIS = YES;
				CLANG_WARN_STRICT_PROTOTYPES = YES;
				CLANG_WARN_SUSPICIOUS_MOVE = YES;
				CLANG_WARN_UNGUARDED_AVAILABILITY = YES_AGGRESSIVE;
				CLANG_WARN_UNREACHABLE_CODE = YES;
				CLANG_WARN__DUPLICATE_METHOD_MATCH = YES;
				COPY_PHASE_STRIP = NO;
				DEBUG_INFORMATION_FORMAT = "dwarf-with-dsym";
				ENABLE_NS_ASSERTIONS = NO;
				ENABLE_STRICT_OBJC_MSGSEND = YES;
				GCC_C_LANGUAGE_STANDARD = gnu11;
				GCC_NO_COMMON_BLOCKS = YES;
				GCC_WARN_64_TO_32_BIT_CONVERSION = YES;
				GCC_WARN_ABOUT_RETURN_TYPE = YES_ERROR;
				GCC_WARN_UNDECLARED_SELECTOR = YES;
				GCC_WARN_UNINITIALIZED_AUTOS = YES_AGGRESSIVE;
				GCC_WARN_UNUSED_FUNCTION = YES;
				GCC_WARN_UNUSED_VARIABLE = YES;
				MTL_ENABLE_DEBUG_INFO = NO;
				MTL_FAST_MATH = YES;
				SWIFT_COMPILATION_MODE = wholemodule;
				SWIFT_OPTIMIZATION_LEVEL = "-O";
			};
			name = Release;
		};
		BE4C85A42A84933300FDE73A /* Debug */ = {
			isa = XCBuildConfiguration;
			buildSettings = {
				ASSETCATALOG_COMPILER_APPICON_NAME = AppIcon;
				ASSETCATALOG_COMPILER_GLOBAL_ACCENT_COLOR_NAME = AccentColor;
				CODE_SIGN_ENTITLEMENTS = iChat/iChat.entitlements;
				CODE_SIGN_STYLE = Automatic;
				CURRENT_PROJECT_VERSION = 1;
				DEVELOPMENT_ASSET_PATHS = "\"iChat/Preview Content\"";
				ENABLE_PREVIEWS = YES;
				GENERATE_INFOPLIST_FILE = YES;
				"INFOPLIST_KEY_UIApplicationSceneManifest_Generation[sdk=iphoneos*]" = YES;
				"INFOPLIST_KEY_UIApplicationSceneManifest_Generation[sdk=iphonesimulator*]" = YES;
				"INFOPLIST_KEY_UIApplicationSupportsIndirectInputEvents[sdk=iphoneos*]" = YES;
				"INFOPLIST_KEY_UIApplicationSupportsIndirectInputEvents[sdk=iphonesimulator*]" = YES;
				"INFOPLIST_KEY_UILaunchScreen_Generation[sdk=iphoneos*]" = YES;
				"INFOPLIST_KEY_UILaunchScreen_Generation[sdk=iphonesimulator*]" = YES;
				"INFOPLIST_KEY_UIStatusBarStyle[sdk=iphoneos*]" = UIStatusBarStyleDefault;
				"INFOPLIST_KEY_UIStatusBarStyle[sdk=iphonesimulator*]" = UIStatusBarStyleDefault;
				INFOPLIST_KEY_UISupportedInterfaceOrientations_iPad = "UIInterfaceOrientationPortrait UIInterfaceOrientationPortraitUpsideDown UIInterfaceOrientationLandscapeLeft UIInterfaceOrientationLandscapeRight";
				INFOPLIST_KEY_UISupportedInterfaceOrientations_iPhone = "UIInterfaceOrientationPortrait UIInterfaceOrientationLandscapeLeft UIInterfaceOrientationLandscapeRight";
				IPHONEOS_DEPLOYMENT_TARGET = 16.4;
				LD_RUNPATH_SEARCH_PATHS = "@executable_path/Frameworks";
				"LD_RUNPATH_SEARCH_PATHS[sdk=macosx*]" = "@executable_path/../Frameworks";
				MACOSX_DEPLOYMENT_TARGET = 13.3;
				MARKETING_VERSION = 1.0;
				PRODUCT_BUNDLE_IDENTIFIER = com.solograce.iChat;
				PRODUCT_NAME = "$(TARGET_NAME)";
				SDKROOT = auto;
				SUPPORTED_PLATFORMS = "iphoneos iphonesimulator macosx";
				SWIFT_EMIT_LOC_STRINGS = YES;
				SWIFT_VERSION = 5.0;
				TARGETED_DEVICE_FAMILY = "1,2";
			};
			name = Debug;
		};
		BE4C85A52A84933300FDE73A /* Release */ = {
			isa = XCBuildConfiguration;
			buildSettings = {
				ASSETCATALOG_COMPILER_APPICON_NAME = AppIcon;
				ASSETCATALOG_COMPILER_GLOBAL_ACCENT_COLOR_NAME = AccentColor;
				CODE_SIGN_ENTITLEMENTS = iChat/iChat.entitlements;
				CODE_SIGN_STYLE = Automatic;
				CURRENT_PROJECT_VERSION = 1;
				DEVELOPMENT_ASSET_PATHS = "\"iChat/Preview Content\"";
				ENABLE_PREVIEWS = YES;
				GENERATE_INFOPLIST_FILE = YES;
				"INFOPLIST_KEY_UIApplicationSceneManifest_Generation[sdk=iphoneos*]" = YES;
				"INFOPLIST_KEY_UIApplicationSceneManifest_Generation[sdk=iphonesimulator*]" = YES;
				"INFOPLIST_KEY_UIApplicationSupportsIndirectInputEvents[sdk=iphoneos*]" = YES;
				"INFOPLIST_KEY_UIApplicationSupportsIndirectInputEvents[sdk=iphonesimulator*]" = YES;
				"INFOPLIST_KEY_UILaunchScreen_Generation[sdk=iphoneos*]" = YES;
				"INFOPLIST_KEY_UILaunchScreen_Generation[sdk=iphonesimulator*]" = YES;
				"INFOPLIST_KEY_UIStatusBarStyle[sdk=iphoneos*]" = UIStatusBarStyleDefault;
				"INFOPLIST_KEY_UIStatusBarStyle[sdk=iphonesimulator*]" = UIStatusBarStyleDefault;
				INFOPLIST_KEY_UISupportedInterfaceOrientations_iPad = "UIInterfaceOrientationPortrait UIInterfaceOrientationPortraitUpsideDown UIInterfaceOrientationLandscapeLeft UIInterfaceOrientationLandscapeRight";
				INFOPLIST_KEY_UISupportedInterfaceOrientations_iPhone = "UIInterfaceOrientationPortrait UIInterfaceOrientationLandscapeLeft UIInterfaceOrientationLandscapeRight";
				IPHONEOS_DEPLOYMENT_TARGET = 16.4;
				LD_RUNPATH_SEARCH_PATHS = "@executable_path/Frameworks";
				"LD_RUNPATH_SEARCH_PATHS[sdk=macosx*]" = "@executable_path/../Frameworks";
				MACOSX_DEPLOYMENT_TARGET = 13.3;
				MARKETING_VERSION = 1.0;
				PRODUCT_BUNDLE_IDENTIFIER = com.solograce.iChat;
				PRODUCT_NAME = "$(TARGET_NAME)";
				SDKROOT = auto;
				SUPPORTED_PLATFORMS = "iphoneos iphonesimulator macosx";
				SWIFT_EMIT_LOC_STRINGS = YES;
				SWIFT_VERSION = 5.0;
				TARGETED_DEVICE_FAMILY = "1,2";
			};
			name = Release;
		};
		BE4C85A72A84933300FDE73A /* Debug */ = {
			isa = XCBuildConfiguration;
			buildSettings = {
				ALWAYS_EMBED_SWIFT_STANDARD_LIBRARIES = YES;
				BUNDLE_LOADER = "$(TEST_HOST)";
				CODE_SIGN_STYLE = Automatic;
				CURRENT_PROJECT_VERSION = 1;
				GENERATE_INFOPLIST_FILE = YES;
				IPHONEOS_DEPLOYMENT_TARGET = 16.4;
				MACOSX_DEPLOYMENT_TARGET = 13.3;
				MARKETING_VERSION = 1.0;
				PRODUCT_BUNDLE_IDENTIFIER = com.solograce.iChatTests;
				PRODUCT_NAME = "$(TARGET_NAME)";
				SDKROOT = auto;
				SUPPORTED_PLATFORMS = "iphoneos iphonesimulator macosx";
				SWIFT_EMIT_LOC_STRINGS = NO;
				SWIFT_VERSION = 5.0;
				TARGETED_DEVICE_FAMILY = "1,2";
				TEST_HOST = "$(BUILT_PRODUCTS_DIR)/iChat.app/$(BUNDLE_EXECUTABLE_FOLDER_PATH)/iChat";
			};
			name = Debug;
		};
		BE4C85A82A84933300FDE73A /* Release */ = {
			isa = XCBuildConfiguration;
			buildSettings = {
				ALWAYS_EMBED_SWIFT_STANDARD_LIBRARIES = YES;
				BUNDLE_LOADER = "$(TEST_HOST)";
				CODE_SIGN_STYLE = Automatic;
				CURRENT_PROJECT_VERSION = 1;
				GENERATE_INFOPLIST_FILE = YES;
				IPHONEOS_DEPLOYMENT_TARGET = 16.4;
				MACOSX_DEPLOYMENT_TARGET = 13.3;
				MARKETING_VERSION = 1.0;
				PRODUCT_BUNDLE_IDENTIFIER = com.solograce.iChatTests;
				PRODUCT_NAME = "$(TARGET_NAME)";
				SDKROOT = auto;
				SUPPORTED_PLATFORMS = "iphoneos iphonesimulator macosx";
				SWIFT_EMIT_LOC_STRINGS = NO;
				SWIFT_VERSION = 5.0;
				TARGETED_DEVICE_FAMILY = "1,2";
				TEST_HOST = "$(BUILT_PRODUCTS_DIR)/iChat.app/$(BUNDLE_EXECUTABLE_FOLDER_PATH)/iChat";
			};
			name = Release;
		};
		BE4C85AA2A84933300FDE73A /* Debug */ = {
			isa = XCBuildConfiguration;
			buildSettings = {
				ALWAYS_EMBED_SWIFT_STANDARD_LIBRARIES = YES;
				CODE_SIGN_STYLE = Automatic;
				CURRENT_PROJECT_VERSION = 1;
				GENERATE_INFOPLIST_FILE = YES;
				IPHONEOS_DEPLOYMENT_TARGET = 16.4;
				MACOSX_DEPLOYMENT_TARGET = 13.3;
				MARKETING_VERSION = 1.0;
				PRODUCT_BUNDLE_IDENTIFIER = com.solograce.iChatUITests;
				PRODUCT_NAME = "$(TARGET_NAME)";
				SDKROOT = auto;
				SUPPORTED_PLATFORMS = "iphoneos iphonesimulator macosx";
				SWIFT_EMIT_LOC_STRINGS = NO;
				SWIFT_VERSION = 5.0;
				TARGETED_DEVICE_FAMILY = "1,2";
				TEST_TARGET_NAME = iChat;
			};
			name = Debug;
		};
		BE4C85AB2A84933300FDE73A /* Release */ = {
			isa = XCBuildConfiguration;
			buildSettings = {
				ALWAYS_EMBED_SWIFT_STANDARD_LIBRARIES = YES;
				CODE_SIGN_STYLE = Automatic;
				CURRENT_PROJECT_VERSION = 1;
				GENERATE_INFOPLIST_FILE = YES;
				IPHONEOS_DEPLOYMENT_TARGET = 16.4;
				MACOSX_DEPLOYMENT_TARGET = 13.3;
				MARKETING_VERSION = 1.0;
				PRODUCT_BUNDLE_IDENTIFIER = com.solograce.iChatUITests;
				PRODUCT_NAME = "$(TARGET_NAME)";
				SDKROOT = auto;
				SUPPORTED_PLATFORMS = "iphoneos iphonesimulator macosx";
				SWIFT_EMIT_LOC_STRINGS = NO;
				SWIFT_VERSION = 5.0;
				TARGETED_DEVICE_FAMILY = "1,2";
				TEST_TARGET_NAME = iChat;
			};
			name = Release;
		};
/* End XCBuildConfiguration section */

/* Begin XCConfigurationList section */
		BE4C85742A84933300FDE73A /* Build configuration list for PBXProject "iChat" */ = {
			isa = XCConfigurationList;
			buildConfigurations = (
				BE4C85A12A84933300FDE73A /* Debug */,
				BE4C85A22A84933300FDE73A /* Release */,
			);
			defaultConfigurationIsVisible = 0;
			defaultConfigurationName = Release;
		};
		BE4C85A32A84933300FDE73A /* Build configuration list for PBXNativeTarget "iChat" */ = {
			isa = XCConfigurationList;
			buildConfigurations = (
				BE4C85A42A84933300FDE73A /* Debug */,
				BE4C85A52A84933300FDE73A /* Release */,
			);
			defaultConfigurationIsVisible = 0;
			defaultConfigurationName = Release;
		};
		BE4C85A62A84933300FDE73A /* Build configuration list for PBXNativeTarget "iChatTests" */ = {
			isa = XCConfigurationList;
			buildConfigurations = (
				BE4C85A72A84933300FDE73A /* Debug */,
				BE4C85A82A84933300FDE73A /* Release */,
			);
			defaultConfigurationIsVisible = 0;
			defaultConfigurationName = Release;
		};
		BE4C85A92A84933300FDE73A /* Build configuration list for PBXNativeTarget "iChatUITests" */ = {
			isa = XCConfigurationList;
			buildConfigurations = (
				BE4C85AA2A84933300FDE73A /* Debug */,
				BE4C85AB2A84933300FDE73A /* Release */,
			);
			defaultConfigurationIsVisible = 0;
			defaultConfigurationName = Release;
		};
/* End XCConfigurationList section */

/* Begin XCVersionGroup section */
		BE4C85802A84933300FDE73A /* iChat.xcdatamodeld */ = {
			isa = XCVersionGroup;
			children = (
				BE4C85812A84933300FDE73A /* iChat.xcdatamodel */,
			);
			currentVersion = BE4C85812A84933300FDE73A /* iChat.xcdatamodel */;
			path = iChat.xcdatamodeld;
			sourceTree = "<group>";
			versionGroupType = wrapper.xcdatamodel;
		};
/* End XCVersionGroup section */
	};
	rootObject = BE4C85712A84933300FDE73A /* Project object */;
}
